
Microsoft Visual Studio Solution File, Format Version 11.00
# Visual C++ Express 2010
Project("{8BC9CEB8-8B4A-11D0-8D11-00A0C91BC942}") = "109550206_Lab4", "109550206_Lab4\109550206_Lab4.vcxproj", "{41E4C1CB-A834-49B4-A6E8-9DEA9F5F9573}"
EndProject
Global
	GlobalSection(SolutionConfigurationPlatforms) = preSolution
		Debug|Win32 = Debug|Win32
		Release|Win32 = Release|Win32
	EndGlobalSection
	GlobalSection(ProjectConfigurationPlatforms) = postSolution
		{41E4C1CB-A834-49B4-A6E8-9DEA9F5F9573}.Debug|Win32.ActiveCfg = Debug|Win32
		{41E4C1CB-A834-49B4-A6E8-9DEA9F5F9573}.Debug|Win32.Build.0 = Debug|Win32
		{41E4C1CB-A834-49B4-A6E8-9DEA9F5F9573}.Release|Win32.ActiveCfg = Release|Win32
		{41E4C1CB-A834-49B4-A6E8-9DEA9F5F9573}.Release|Win32.Build.0 = Release|Win32
	EndGlobalSection
	GlobalSection(SolutionProperties) = preSolution
		HideSolutionNode = FALSE
	EndGlobalSection
EndGlobal
