
Microsoft Visual Studio Solution File, Format Version 11.00
# Visual C++ Express 2010
Project("{8BC9CEB8-8B4A-11D0-8D11-00A0C91BC942}") = "Q2", "Q2.vcxproj", "{92710DDD-FD90-4E79-A0AC-751F15481BE4}"
EndProject
Global
	GlobalSection(SolutionConfigurationPlatforms) = preSolution
		Debug|Win32 = Debug|Win32
		Release|Win32 = Release|Win32
	EndGlobalSection
	GlobalSection(ProjectConfigurationPlatforms) = postSolution
		{92710DDD-FD90-4E79-A0AC-751F15481BE4}.Debug|Win32.ActiveCfg = Debug|Win32
		{92710DDD-FD90-4E79-A0AC-751F15481BE4}.Debug|Win32.Build.0 = Debug|Win32
		{92710DDD-FD90-4E79-A0AC-751F15481BE4}.Release|Win32.ActiveCfg = Release|Win32
		{92710DDD-FD90-4E79-A0AC-751F15481BE4}.Release|Win32.Build.0 = Release|Win32
	EndGlobalSection
	GlobalSection(SolutionProperties) = preSolution
		HideSolutionNode = FALSE
	EndGlobalSection
EndGlobal
